
Microsoft Visual Studio Solution File, Format Version 12.00
# Visual Studio Version 16
VisualStudioVersion = 16.0.31410.357
MinimumVisualStudioVersion = 10.0.40219.1
Project("{FAE04EC0-301F-11D3-BF4B-00C04F79EFBC}") = "PraProjectBNI", "PraProjectBNI\PraProjectBNI.csproj", "{AC08E347-382E-4DBB-9F58-7E2E1DEC1F16}"
EndProject
Global
	GlobalSection(SolutionConfigurationPlatforms) = preSolution
		Debug|Any CPU = Debug|Any CPU
		Release|Any CPU = Release|Any CPU
	EndGlobalSection
	GlobalSection(ProjectConfigurationPlatforms) = postSolution
		{AC08E347-382E-4DBB-9F58-7E2E1DEC1F16}.Debug|Any CPU.ActiveCfg = Debug|Any CPU
		{AC08E347-382E-4DBB-9F58-7E2E1DEC1F16}.Debug|Any CPU.Build.0 = Debug|Any CPU
		{AC08E347-382E-4DBB-9F58-7E2E1DEC1F16}.Release|Any CPU.ActiveCfg = Release|Any CPU
		{AC08E347-382E-4DBB-9F58-7E2E1DEC1F16}.Release|Any CPU.Build.0 = Release|Any CPU
	EndGlobalSection
	GlobalSection(SolutionProperties) = preSolution
		HideSolutionNode = FALSE
	EndGlobalSection
	GlobalSection(ExtensibilityGlobals) = postSolution
		SolutionGuid = {01BF863F-D5BF-479C-AC43-54E0D5804A80}
	EndGlobalSection
EndGlobal
